
Microsoft Visual Studio Solution File, Format Version 12.00
# Visual Studio Version 16
VisualStudioVersion = 16.0.29613.14
MinimumVisualStudioVersion = 10.0.40219.1
Project("{FAE04EC0-301F-11D3-BF4B-00C04F79EFBC}") = "Delaunay_triangulation", "Delaunay_triangulation\Delaunay_triangulation.csproj", "{ADDC1F9C-BBF7-47B3-8FB8-A5565C9E2907}"
EndProject
Global
	GlobalSection(SolutionConfigurationPlatforms) = preSolution
		Debug|Any CPU = Debug|Any CPU
		Release|Any CPU = Release|Any CPU
	EndGlobalSection
	GlobalSection(ProjectConfigurationPlatforms) = postSolution
		{ADDC1F9C-BBF7-47B3-8FB8-A5565C9E2907}.Debug|Any CPU.ActiveCfg = Debug|Any CPU
		{ADDC1F9C-BBF7-47B3-8FB8-A5565C9E2907}.Debug|Any CPU.Build.0 = Debug|Any CPU
		{ADDC1F9C-BBF7-47B3-8FB8-A5565C9E2907}.Release|Any CPU.ActiveCfg = Release|Any CPU
		{ADDC1F9C-BBF7-47B3-8FB8-A5565C9E2907}.Release|Any CPU.Build.0 = Release|Any CPU
	EndGlobalSection
	GlobalSection(SolutionProperties) = preSolution
		HideSolutionNode = FALSE
	EndGlobalSection
	GlobalSection(ExtensibilityGlobals) = postSolution
		SolutionGuid = {44B1A00E-49DE-4A25-AD21-F1EA1DEEAF3E}
	EndGlobalSection
EndGlobal
